
Microsoft Visual Studio Solution File, Format Version 12.00
# Visual Studio Version 17
VisualStudioVersion = 17.14.37531.7 d17.14
MinimumVisualStudioVersion = 10.0.40219.1
Project("{FAE04EC0-301F-11D3-BF4B-00C04F79EFBC}") = "SpaceDude.Common", "SpaceDude.Common.csproj", "{C2A24655-C53D-42D7-A97A-D32645390FDB}"
EndProject
Project("{FAE04EC0-301F-11D3-BF4B-00C04F79EFBC}") = "SpaceDudeRPG", "..\SpaceDude.Common\SpaceDudeRPG.csproj", "{8E6DBB0E-FD08-4165-BFF6-7BF36F9B57CE}"
EndProject
Global
	GlobalSection(SolutionConfigurationPlatforms) = preSolution
		Debug|Any CPU = Debug|Any CPU
		Release|Any CPU = Release|Any CPU
	EndGlobalSection
	GlobalSection(ProjectConfigurationPlatforms) = postSolution
		{C2A24655-C53D-42D7-A97A-D32645390FDB}.Debug|Any CPU.ActiveCfg = Debug|Any CPU
		{C2A24655-C53D-42D7-A97A-D32645390FDB}.Debug|Any CPU.Build.0 = Debug|Any CPU
		{C2A24655-C53D-42D7-A97A-D32645390FDB}.Release|Any CPU.ActiveCfg = Release|Any CPU
		{C2A24655-C53D-42D7-A97A-D32645390FDB}.Release|Any CPU.Build.0 = Release|Any CPU
		{8E6DBB0E-FD08-4165-BFF6-7BF36F9B57CE}.Debug|Any CPU.ActiveCfg = Debug|Any CPU
		{8E6DBB0E-FD08-4165-BFF6-7BF36F9B57CE}.Debug|Any CPU.Build.0 = Debug|Any CPU
		{8E6DBB0E-FD08-4165-BFF6-7BF36F9B57CE}.Release|Any CPU.ActiveCfg = Release|Any CPU
		{8E6DBB0E-FD08-4165-BFF6-7BF36F9B57CE}.Release|Any CPU.Build.0 = Release|Any CPU
	EndGlobalSection
	GlobalSection(SolutionProperties) = preSolution
		HideSolutionNode = FALSE
	EndGlobalSection
	GlobalSection(ExtensibilityGlobals) = postSolution
		SolutionGuid = {B4A14C22-DEC9-4BA4-8AB3-750EA0FDE8B8}
	EndGlobalSection
EndGlobal
