
Microsoft Visual Studio Solution File, Format Version 12.00
# Visual Studio Version 17
VisualStudioVersion = 17.14.37301.10 d17.14
MinimumVisualStudioVersion = 10.0.40219.1
Project("{FAE04EC0-301F-11D3-BF4B-00C04F79EFBC}") = "Learning8", "Learning8.csproj", "{DB588AF1-FCD7-484F-BA6C-7325FAF7489F}"
EndProject
Global
	GlobalSection(SolutionConfigurationPlatforms) = preSolution
		Debug|Any CPU = Debug|Any CPU
		Release|Any CPU = Release|Any CPU
	EndGlobalSection
	GlobalSection(ProjectConfigurationPlatforms) = postSolution
		{DB588AF1-FCD7-484F-BA6C-7325FAF7489F}.Debug|Any CPU.ActiveCfg = Debug|Any CPU
		{DB588AF1-FCD7-484F-BA6C-7325FAF7489F}.Debug|Any CPU.Build.0 = Debug|Any CPU
		{DB588AF1-FCD7-484F-BA6C-7325FAF7489F}.Release|Any CPU.ActiveCfg = Release|Any CPU
		{DB588AF1-FCD7-484F-BA6C-7325FAF7489F}.Release|Any CPU.Build.0 = Release|Any CPU
	EndGlobalSection
	GlobalSection(SolutionProperties) = preSolution
		HideSolutionNode = FALSE
	EndGlobalSection
	GlobalSection(ExtensibilityGlobals) = postSolution
		SolutionGuid = {B827821C-F554-46F1-8C66-1FA1AE3722CB}
	EndGlobalSection
EndGlobal
