
Microsoft Visual Studio Solution File, Format Version 12.00
# Visual Studio Version 17
VisualStudioVersion = 17.14.37301.10 d17.14
MinimumVisualStudioVersion = 10.0.40219.1
Project("{FAE04EC0-301F-11D3-BF4B-00C04F79EFBC}") = "Learning7", "Learning7.csproj", "{0E527958-37AB-4C39-935E-981249D2AB6B}"
EndProject
Global
	GlobalSection(SolutionConfigurationPlatforms) = preSolution
		Debug|Any CPU = Debug|Any CPU
		Release|Any CPU = Release|Any CPU
	EndGlobalSection
	GlobalSection(ProjectConfigurationPlatforms) = postSolution
		{0E527958-37AB-4C39-935E-981249D2AB6B}.Debug|Any CPU.ActiveCfg = Debug|Any CPU
		{0E527958-37AB-4C39-935E-981249D2AB6B}.Debug|Any CPU.Build.0 = Debug|Any CPU
		{0E527958-37AB-4C39-935E-981249D2AB6B}.Release|Any CPU.ActiveCfg = Release|Any CPU
		{0E527958-37AB-4C39-935E-981249D2AB6B}.Release|Any CPU.Build.0 = Release|Any CPU
	EndGlobalSection
	GlobalSection(SolutionProperties) = preSolution
		HideSolutionNode = FALSE
	EndGlobalSection
	GlobalSection(ExtensibilityGlobals) = postSolution
		SolutionGuid = {398882EC-6CA2-4059-9541-F2B49F5D0E87}
	EndGlobalSection
EndGlobal
