
Microsoft Visual Studio Solution File, Format Version 12.00
# Visual Studio Version 17
VisualStudioVersion = 17.14.37301.10 d17.14
MinimumVisualStudioVersion = 10.0.40219.1
Project("{FAE04EC0-301F-11D3-BF4B-00C04F79EFBC}") = "Learning15", "Learning15.csproj", "{3E5720D6-4F5E-438C-9024-97B64B4DDCFF}"
EndProject
Global
	GlobalSection(SolutionConfigurationPlatforms) = preSolution
		Debug|Any CPU = Debug|Any CPU
		Release|Any CPU = Release|Any CPU
	EndGlobalSection
	GlobalSection(ProjectConfigurationPlatforms) = postSolution
		{3E5720D6-4F5E-438C-9024-97B64B4DDCFF}.Debug|Any CPU.ActiveCfg = Debug|Any CPU
		{3E5720D6-4F5E-438C-9024-97B64B4DDCFF}.Debug|Any CPU.Build.0 = Debug|Any CPU
		{3E5720D6-4F5E-438C-9024-97B64B4DDCFF}.Release|Any CPU.ActiveCfg = Release|Any CPU
		{3E5720D6-4F5E-438C-9024-97B64B4DDCFF}.Release|Any CPU.Build.0 = Release|Any CPU
	EndGlobalSection
	GlobalSection(SolutionProperties) = preSolution
		HideSolutionNode = FALSE
	EndGlobalSection
	GlobalSection(ExtensibilityGlobals) = postSolution
		SolutionGuid = {831F6EE6-EE70-4FC1-ADBC-2075785A7BED}
	EndGlobalSection
EndGlobal
