
Microsoft Visual Studio Solution File, Format Version 12.00
# Visual Studio Version 17
VisualStudioVersion = 17.14.37301.10 d17.14
MinimumVisualStudioVersion = 10.0.40219.1
Project("{FAE04EC0-301F-11D3-BF4B-00C04F79EFBC}") = "Learning14", "Learning14.csproj", "{0D2486F3-4CC3-480C-B196-762DDEF45655}"
EndProject
Global
	GlobalSection(SolutionConfigurationPlatforms) = preSolution
		Debug|Any CPU = Debug|Any CPU
		Release|Any CPU = Release|Any CPU
	EndGlobalSection
	GlobalSection(ProjectConfigurationPlatforms) = postSolution
		{0D2486F3-4CC3-480C-B196-762DDEF45655}.Debug|Any CPU.ActiveCfg = Debug|Any CPU
		{0D2486F3-4CC3-480C-B196-762DDEF45655}.Debug|Any CPU.Build.0 = Debug|Any CPU
		{0D2486F3-4CC3-480C-B196-762DDEF45655}.Release|Any CPU.ActiveCfg = Release|Any CPU
		{0D2486F3-4CC3-480C-B196-762DDEF45655}.Release|Any CPU.Build.0 = Release|Any CPU
	EndGlobalSection
	GlobalSection(SolutionProperties) = preSolution
		HideSolutionNode = FALSE
	EndGlobalSection
	GlobalSection(ExtensibilityGlobals) = postSolution
		SolutionGuid = {4BEC56ED-DED5-41DF-86BD-09E5DFDBAA1D}
	EndGlobalSection
EndGlobal
